
Microsoft Visual Studio Solution File, Format Version 12.00
# Visual Studio Version 17
VisualStudioVersion = 17.14.37614.0 d17.14
MinimumVisualStudioVersion = 10.0.40219.1
Project("{FAE04EC0-301F-11D3-BF4B-00C04F79EFBC}") = "CinemaReservation", "CinemaReservation.csproj", "{F4941FFD-E1FB-48D3-8BEB-E5D173137C1C}"
EndProject
Global
	GlobalSection(SolutionConfigurationPlatforms) = preSolution
		Debug|Any CPU = Debug|Any CPU
		Release|Any CPU = Release|Any CPU
	EndGlobalSection
	GlobalSection(ProjectConfigurationPlatforms) = postSolution
		{F4941FFD-E1FB-48D3-8BEB-E5D173137C1C}.Debug|Any CPU.ActiveCfg = Debug|Any CPU
		{F4941FFD-E1FB-48D3-8BEB-E5D173137C1C}.Debug|Any CPU.Build.0 = Debug|Any CPU
		{F4941FFD-E1FB-48D3-8BEB-E5D173137C1C}.Release|Any CPU.ActiveCfg = Release|Any CPU
		{F4941FFD-E1FB-48D3-8BEB-E5D173137C1C}.Release|Any CPU.Build.0 = Release|Any CPU
	EndGlobalSection
	GlobalSection(SolutionProperties) = preSolution
		HideSolutionNode = FALSE
	EndGlobalSection
	GlobalSection(ExtensibilityGlobals) = postSolution
		SolutionGuid = {2C2CD13A-2090-4F75-A8FC-FFF73F2E761A}
	EndGlobalSection
EndGlobal
